// !$*UTF8*$!
{
	archiveVersion = 1;
	classes = {
	};
	objectVersion = 56;
	objects = {

/* Begin PBXBuildFile section */
		873F35292A1A96C90045CB88 /* DescriptionCell.swift in Sources */ = {isa = PBXBuildFile; fileRef = 873F35282A1A96C90045CB88 /* DescriptionCell.swift */; };
		873F352B2A1AA1D90045CB88 /* ExternalUrlCell.swift in Sources */ = {isa = PBXBuildFile; fileRef = 873F352A2A1AA1D90045CB88 /* ExternalUrlCell.swift */; };
		87EA39642A1B56D50036D353 /* GameListViewModelTests.swift in Sources */ = {isa = PBXBuildFile; fileRef = 87EA39632A1B56D50036D353 /* GameListViewModelTests.swift */; };
		87EA39662A1B58150036D353 /* FavoritesViewModelTests.swift in Sources */ = {isa = PBXBuildFile; fileRef = 87EA39652A1B58150036D353 /* FavoritesViewModelTests.swift */; };
		87EA39682A1B58DF0036D353 /* DetailsViewModelTests.swift in Sources */ = {isa = PBXBuildFile; fileRef = 87EA39672A1B58DF0036D353 /* DetailsViewModelTests.swift */; };
		87EEDC552A18B1D400BD3F8F /* AppDelegate.swift in Sources */ = {isa = PBXBuildFile; fileRef = 87EEDC542A18B1D400BD3F8F /* AppDelegate.swift */; };
		87EEDC592A18B1D400BD3F8F /* MainTabBarViewController.swift in Sources */ = {isa = PBXBuildFile; fileRef = 87EEDC582A18B1D400BD3F8F /* MainTabBarViewController.swift */; };
		87EEDC5E2A18B1D500BD3F8F /* Assets.xcassets in Resources */ = {isa = PBXBuildFile; fileRef = 87EEDC5D2A18B1D500BD3F8F /* Assets.xcassets */; };
		87EEDC612A18B1D500BD3F8F /* LaunchScreen.storyboard in Resources */ = {isa = PBXBuildFile; fileRef = 87EEDC5F2A18B1D500BD3F8F /* LaunchScreen.storyboard */; };
		87EEDC762A18B1D600BD3F8F /* DCAFoodUITests.swift in Sources */ = {isa = PBXBuildFile; fileRef = 87EEDC752A18B1D600BD3F8F /* DCAFoodUITests.swift */; };
		87EEDC782A18B1D600BD3F8F /* DCAFoodUITestsLaunchTests.swift in Sources */ = {isa = PBXBuildFile; fileRef = 87EEDC772A18B1D600BD3F8F /* DCAFoodUITestsLaunchTests.swift */; };
		87EEDC852A18BD0000BD3F8F /* Configurations.plist in Resources */ = {isa = PBXBuildFile; fileRef = 87EEDC842A18BD0000BD3F8F /* Configurations.plist */; };
		87EEDC872A18BD8E00BD3F8F /* Configurations.swift in Sources */ = {isa = PBXBuildFile; fileRef = 87EEDC862A18BD8E00BD3F8F /* Configurations.swift */; };
		87EEDC892A18BE0800BD3F8F /* RawgAPI.swift in Sources */ = {isa = PBXBuildFile; fileRef = 87EEDC882A18BE0800BD3F8F /* RawgAPI.swift */; };
		87EEDC8C2A18C4B000BD3F8F /* GameListResponse.swift in Sources */ = {isa = PBXBuildFile; fileRef = 87EEDC8B2A18C4B000BD3F8F /* GameListResponse.swift */; };
		87EEDC8E2A18C52B00BD3F8F /* Game.swift in Sources */ = {isa = PBXBuildFile; fileRef = 87EEDC8D2A18C52B00BD3F8F /* Game.swift */; };
		87EEDC902A18C66000BD3F8F /* Genre.swift in Sources */ = {isa = PBXBuildFile; fileRef = 87EEDC8F2A18C66000BD3F8F /* Genre.swift */; };
		87EEDC932A18C7D300BD3F8F /* GameListViewController.swift in Sources */ = {isa = PBXBuildFile; fileRef = 87EEDC922A18C7D300BD3F8F /* GameListViewController.swift */; };
		87EEDC952A18C81E00BD3F8F /* FavoritesViewController.swift in Sources */ = {isa = PBXBuildFile; fileRef = 87EEDC942A18C81E00BD3F8F /* FavoritesViewController.swift */; };
		87EEDC972A18CACB00BD3F8F /* Coordinator.swift in Sources */ = {isa = PBXBuildFile; fileRef = 87EEDC962A18CACB00BD3F8F /* Coordinator.swift */; };
		87EEDCAA2A18D91B00BD3F8F /* GameService.swift in Sources */ = {isa = PBXBuildFile; fileRef = 87EEDCA92A18D91B00BD3F8F /* GameService.swift */; };
		87EEDCAC2A18D97900BD3F8F /* FavoritesService.swift in Sources */ = {isa = PBXBuildFile; fileRef = 87EEDCAB2A18D97900BD3F8F /* FavoritesService.swift */; };
		87EEDCAE2A18DD6000BD3F8F /* NetworkService.swift in Sources */ = {isa = PBXBuildFile; fileRef = 87EEDCAD2A18DD6000BD3F8F /* NetworkService.swift */; };
		87EEDCB12A18E00300BD3F8F /* GameDetails.swift in Sources */ = {isa = PBXBuildFile; fileRef = 87EEDCB02A18E00300BD3F8F /* GameDetails.swift */; };
		87EEDCB42A18E34100BD3F8F /* Observer.swift in Sources */ = {isa = PBXBuildFile; fileRef = 87EEDCB32A18E34100BD3F8F /* Observer.swift */; };
		87EEDCB82A18E41900BD3F8F /* GameListViewModel.swift in Sources */ = {isa = PBXBuildFile; fileRef = 87EEDCB72A18E41900BD3F8F /* GameListViewModel.swift */; };
		87EEDCBA2A18E43300BD3F8F /* FavoritesViewModel.swift in Sources */ = {isa = PBXBuildFile; fileRef = 87EEDCB92A18E43300BD3F8F /* FavoritesViewModel.swift */; };
		87EEDCBD2A18E77100BD3F8F /* GameCell.swift in Sources */ = {isa = PBXBuildFile; fileRef = 87EEDCBC2A18E77100BD3F8F /* GameCell.swift */; };
		87EEDCC42A19251700BD3F8F /* Extensions.swift in Sources */ = {isa = PBXBuildFile; fileRef = 87EEDCC32A19251700BD3F8F /* Extensions.swift */; };
		87EEDCC62A19254400BD3F8F /* ImageCache.swift in Sources */ = {isa = PBXBuildFile; fileRef = 87EEDCC52A19254400BD3F8F /* ImageCache.swift */; };
		87EEDCCF2A198A5800BD3F8F /* DetailsViewController.swift in Sources */ = {isa = PBXBuildFile; fileRef = 87EEDCCE2A198A5800BD3F8F /* DetailsViewController.swift */; };
		87EEDCD12A198A8100BD3F8F /* DetailsViewModel.swift in Sources */ = {isa = PBXBuildFile; fileRef = 87EEDCD02A198A8100BD3F8F /* DetailsViewModel.swift */; };
		87EEDCD62A198B0900BD3F8F /* DetailsService.swift in Sources */ = {isa = PBXBuildFile; fileRef = 87EEDCD52A198B0900BD3F8F /* DetailsService.swift */; };
/* End PBXBuildFile section */

/* Begin PBXContainerItemProxy section */
		87EEDC682A18B1D600BD3F8F /* PBXContainerItemProxy */ = {
			isa = PBXContainerItemProxy;
			containerPortal = 87EEDC492A18B1D400BD3F8F /* Project object */;
			proxyType = 1;
			remoteGlobalIDString = 87EEDC502A18B1D400BD3F8F;
			remoteInfo = DCAFood;
		};
		87EEDC722A18B1D600BD3F8F /* PBXContainerItemProxy */ = {
			isa = PBXContainerItemProxy;
			containerPortal = 87EEDC492A18B1D400BD3F8F /* Project object */;
			proxyType = 1;
			remoteGlobalIDString = 87EEDC502A18B1D400BD3F8F;
			remoteInfo = DCAFood;
		};
/* End PBXContainerItemProxy section */

/* Begin PBXFileReference section */
		873F35282A1A96C90045CB88 /* DescriptionCell.swift */ = {isa = PBXFileReference; lastKnownFileType = sourcecode.swift; path = DescriptionCell.swift; sourceTree = "<group>"; };
		873F352A2A1AA1D90045CB88 /* ExternalUrlCell.swift */ = {isa = PBXFileReference; lastKnownFileType = sourcecode.swift; path = ExternalUrlCell.swift; sourceTree = "<group>"; };
		87EA39632A1B56D50036D353 /* GameListViewModelTests.swift */ = {isa = PBXFileReference; lastKnownFileType = sourcecode.swift; path = GameListViewModelTests.swift; sourceTree = "<group>"; };
		87EA39652A1B58150036D353 /* FavoritesViewModelTests.swift */ = {isa = PBXFileReference; lastKnownFileType = sourcecode.swift; path = FavoritesViewModelTests.swift; sourceTree = "<group>"; };
		87EA39672A1B58DF0036D353 /* DetailsViewModelTests.swift */ = {isa = PBXFileReference; lastKnownFileType = sourcecode.swift; path = DetailsViewModelTests.swift; sourceTree = "<group>"; };
		87EEDC512A18B1D400BD3F8F /* DCAFood.app */ = {isa = PBXFileReference; explicitFileType = wrapper.application; includeInIndex = 0; path = DCAFood.app; sourceTree = BUILT_PRODUCTS_DIR; };
		87EEDC542A18B1D400BD3F8F /* AppDelegate.swift */ = {isa = PBXFileReference; lastKnownFileType = sourcecode.swift; path = AppDelegate.swift; sourceTree = "<group>"; };
		87EEDC582A18B1D400BD3F8F /* MainTabBarViewController.swift */ = {isa = PBXFileReference; lastKnownFileType = sourcecode.swift; path = MainTabBarViewController.swift; sourceTree = "<group>"; };
		87EEDC5D2A18B1D500BD3F8F /* Assets.xcassets */ = {isa = PBXFileReference; lastKnownFileType = folder.assetcatalog; path = Assets.xcassets; sourceTree = "<group>"; };
		87EEDC602A18B1D500BD3F8F /* Base */ = {isa = PBXFileReference; lastKnownFileType = file.storyboard; name = Base; path = Base.lproj/LaunchScreen.storyboard; sourceTree = "<group>"; };
		87EEDC622A18B1D500BD3F8F /* Info.plist */ = {isa = PBXFileReference; lastKnownFileType = text.plist.xml; path = Info.plist; sourceTree = "<group>"; };
		87EEDC672A18B1D600BD3F8F /* DCAFoodTests.xctest */ = {isa = PBXFileReference; explicitFileType = wrapper.cfbundle; includeInIndex = 0; path = DCAFoodTests.xctest; sourceTree = BUILT_PRODUCTS_DIR; };
		87EEDC712A18B1D600BD3F8F /* DCAFoodUITests.xctest */ = {isa = PBXFileReference; explicitFileType = wrapper.cfbundle; includeInIndex = 0; path = DCAFoodUITests.xctest; sourceTree = BUILT_PRODUCTS_DIR; };
		87EEDC752A18B1D600BD3F8F /* DCAFoodUITests.swift */ = {isa = PBXFileReference; lastKnownFileType = sourcecode.swift; path = DCAFoodUITests.swift; sourceTree = "<group>"; };
		87EEDC772A18B1D600BD3F8F /* DCAFoodUITestsLaunchTests.swift */ = {isa = PBXFileReference; lastKnownFileType = sourcecode.swift; path = DCAFoodUITestsLaunchTests.swift; sourceTree = "<group>"; };
		87EEDC842A18BD0000BD3F8F /* Configurations.plist */ = {isa = PBXFileReference; lastKnownFileType = text.plist.xml; path = Configurations.plist; sourceTree = "<group>"; };
		87EEDC862A18BD8E00BD3F8F /* Configurations.swift */ = {isa = PBXFileReference; lastKnownFileType = sourcecode.swift; path = Configurations.swift; sourceTree = "<group>"; };
		87EEDC882A18BE0800BD3F8F /* RawgAPI.swift */ = {isa = PBXFileReference; lastKnownFileType = sourcecode.swift; path = RawgAPI.swift; sourceTree = "<group>"; };
		87EEDC8B2A18C4B000BD3F8F /* GameListResponse.swift */ = {isa = PBXFileReference; lastKnownFileType = sourcecode.swift; path = GameListResponse.swift; sourceTree = "<group>"; };
		87EEDC8D2A18C52B00BD3F8F /* Game.swift */ = {isa = PBXFileReference; lastKnownFileType = sourcecode.swift; path = Game.swift; sourceTree = "<group>"; };
		87EEDC8F2A18C66000BD3F8F /* Genre.swift */ = {isa = PBXFileReference; lastKnownFileType = sourcecode.swift; path = Genre.swift; sourceTree = "<group>"; };
		87EEDC922A18C7D300BD3F8F /* GameListViewController.swift */ = {isa = PBXFileReference; lastKnownFileType = sourcecode.swift; path = GameListViewController.swift; sourceTree = "<group>"; };
		87EEDC942A18C81E00BD3F8F /* FavoritesViewController.swift */ = {isa = PBXFileReference; lastKnownFileType = sourcecode.swift; path = FavoritesViewController.swift; sourceTree = "<group>"; };
		87EEDC962A18CACB00BD3F8F /* Coordinator.swift */ = {isa = PBXFileReference; lastKnownFileType = sourcecode.swift; path = Coordinator.swift; sourceTree = "<group>"; };
		87EEDCA92A18D91B00BD3F8F /* GameService.swift */ = {isa = PBXFileReference; lastKnownFileType = sourcecode.swift; path = GameService.swift; sourceTree = "<group>"; };
		87EEDCAB2A18D97900BD3F8F /* FavoritesService.swift */ = {isa = PBXFileReference; lastKnownFileType = sourcecode.swift; path = FavoritesService.swift; sourceTree = "<group>"; };
		87EEDCAD2A18DD6000BD3F8F /* NetworkService.swift */ = {isa = PBXFileReference; lastKnownFileType = sourcecode.swift; path = NetworkService.swift; sourceTree = "<group>"; };
		87EEDCB02A18E00300BD3F8F /* GameDetails.swift */ = {isa = PBXFileReference; lastKnownFileType = sourcecode.swift; path = GameDetails.swift; sourceTree = "<group>"; };
		87EEDCB32A18E34100BD3F8F /* Observer.swift */ = {isa = PBXFileReference; lastKnownFileType = sourcecode.swift; path = Observer.swift; sourceTree = "<group>"; };
		87EEDCB72A18E41900BD3F8F /* GameListViewModel.swift */ = {isa = PBXFileReference; lastKnownFileType = sourcecode.swift; path = GameListViewModel.swift; sourceTree = "<group>"; };
		87EEDCB92A18E43300BD3F8F /* FavoritesViewModel.swift */ = {isa = PBXFileReference; lastKnownFileType = sourcecode.swift; path = FavoritesViewModel.swift; sourceTree = "<group>"; };
		87EEDCBC2A18E77100BD3F8F /* GameCell.swift */ = {isa = PBXFileReference; lastKnownFileType = sourcecode.swift; path = GameCell.swift; sourceTree = "<group>"; };
		87EEDCC32A19251700BD3F8F /* Extensions.swift */ = {isa = PBXFileReference; lastKnownFileType = sourcecode.swift; path = Extensions.swift; sourceTree = "<group>"; };
		87EEDCC52A19254400BD3F8F /* ImageCache.swift */ = {isa = PBXFileReference; lastKnownFileType = sourcecode.swift; path = ImageCache.swift; sourceTree = "<group>"; };
		87EEDCCE2A198A5800BD3F8F /* DetailsViewController.swift */ = {isa = PBXFileReference; lastKnownFileType = sourcecode.swift; path = DetailsViewController.swift; sourceTree = "<group>"; };
		87EEDCD02A198A8100BD3F8F /* DetailsViewModel.swift */ = {isa = PBXFileReference; lastKnownFileType = sourcecode.swift; path = DetailsViewModel.swift; sourceTree = "<group>"; };
		87EEDCD52A198B0900BD3F8F /* DetailsService.swift */ = {isa = PBXFileReference; lastKnownFileType = sourcecode.swift; path = DetailsService.swift; sourceTree = "<group>"; };
/* End PBXFileReference section */

/* Begin PBXFrameworksBuildPhase section */
		87EEDC4E2A18B1D400BD3F8F /* Frameworks */ = {
			isa = PBXFrameworksBuildPhase;
			buildActionMask = 2147483647;
			files = (
			);
			runOnlyForDeploymentPostprocessing = 0;
		};
		87EEDC642A18B1D600BD3F8F /* Frameworks */ = {
			isa = PBXFrameworksBuildPhase;
			buildActionMask = 2147483647;
			files = (
			);
			runOnlyForDeploymentPostprocessing = 0;
		};
		87EEDC6E2A18B1D600BD3F8F /* Frameworks */ = {
			isa = PBXFrameworksBuildPhase;
			buildActionMask = 2147483647;
			files = (
			);
			runOnlyForDeploymentPostprocessing = 0;
		};
/* End PBXFrameworksBuildPhase section */

/* Begin PBXGroup section */
		87EEDC482A18B1D400BD3F8F = {
			isa = PBXGroup;
			children = (
				87EEDC532A18B1D400BD3F8F /* DCAFood */,
				87EEDC6A2A18B1D600BD3F8F /* DCAFoodTests */,
				87EEDC742A18B1D600BD3F8F /* DCAFoodUITests */,
				87EEDC522A18B1D400BD3F8F /* Products */,
			);
			sourceTree = "<group>";
		};
		87EEDC522A18B1D400BD3F8F /* Products */ = {
			isa = PBXGroup;
			children = (
				87EEDC512A18B1D400BD3F8F /* DCAFood.app */,
				87EEDC672A18B1D600BD3F8F /* DCAFoodTests.xctest */,
				87EEDC712A18B1D600BD3F8F /* DCAFoodUITests.xctest */,
			);
			name = Products;
			sourceTree = "<group>";
		};
		87EEDC532A18B1D400BD3F8F /* DCAFood */ = {
			isa = PBXGroup;
			children = (
				87EEDC542A18B1D400BD3F8F /* AppDelegate.swift */,
				87EEDCD32A198AB300BD3F8F /* Bussiness */,
				87EEDCC92A1940D900BD3F8F /* CommonView */,
				87EEDCC72A19256C00BD3F8F /* Utilities */,
				87EEDCB52A18E3F500BD3F8F /* Observer */,
				87EEDCAF2A18DDE400BD3F8F /* Service */,
				87EEDC982A18CCB100BD3F8F /* Coordinator */,
				87EEDC912A18C69F00BD3F8F /* Model */,
				87EEDC8A2A18BE9400BD3F8F /* APIConfigurations */,
				87EEDC5D2A18B1D500BD3F8F /* Assets.xcassets */,
				87EEDC5F2A18B1D500BD3F8F /* LaunchScreen.storyboard */,
				87EEDC622A18B1D500BD3F8F /* Info.plist */,
			);
			path = DCAFood;
			sourceTree = "<group>";
		};
		87EEDC6A2A18B1D600BD3F8F /* DCAFoodTests */ = {
			isa = PBXGroup;
			children = (
				87EA39632A1B56D50036D353 /* GameListViewModelTests.swift */,
				87EA39652A1B58150036D353 /* FavoritesViewModelTests.swift */,
				87EA39672A1B58DF0036D353 /* DetailsViewModelTests.swift */,
			);
			path = DCAFoodTests;
			sourceTree = "<group>";
		};
		87EEDC742A18B1D600BD3F8F /* DCAFoodUITests */ = {
			isa = PBXGroup;
			children = (
				87EEDC752A18B1D600BD3F8F /* DCAFoodUITests.swift */,
				87EEDC772A18B1D600BD3F8F /* DCAFoodUITestsLaunchTests.swift */,
			);
			path = DCAFoodUITests;
			sourceTree = "<group>";
		};
		87EEDC8A2A18BE9400BD3F8F /* APIConfigurations */ = {
			isa = PBXGroup;
			children = (
				87EEDC882A18BE0800BD3F8F /* RawgAPI.swift */,
				87EEDC862A18BD8E00BD3F8F /* Configurations.swift */,
				87EEDC842A18BD0000BD3F8F /* Configurations.plist */,
			);
			path = APIConfigurations;
			sourceTree = "<group>";
		};
		87EEDC912A18C69F00BD3F8F /* Model */ = {
			isa = PBXGroup;
			children = (
				87EEDC8B2A18C4B000BD3F8F /* GameListResponse.swift */,
				87EEDC8D2A18C52B00BD3F8F /* Game.swift */,
				87EEDCB02A18E00300BD3F8F /* GameDetails.swift */,
				87EEDC8F2A18C66000BD3F8F /* Genre.swift */,
			);
			path = Model;
			sourceTree = "<group>";
		};
		87EEDC982A18CCB100BD3F8F /* Coordinator */ = {
			isa = PBXGroup;
			children = (
				87EEDC962A18CACB00BD3F8F /* Coordinator.swift */,
			);
			path = Coordinator;
			sourceTree = "<group>";
		};
		87EEDCAF2A18DDE400BD3F8F /* Service */ = {
			isa = PBXGroup;
			children = (
				87EEDCAD2A18DD6000BD3F8F /* NetworkService.swift */,
			);
			path = Service;
			sourceTree = "<group>";
		};
		87EEDCB52A18E3F500BD3F8F /* Observer */ = {
			isa = PBXGroup;
			children = (
				87EEDCB32A18E34100BD3F8F /* Observer.swift */,
			);
			path = Observer;
			sourceTree = "<group>";
		};
		87EEDCC02A18E7DD00BD3F8F /* GameList */ = {
			isa = PBXGroup;
			children = (
				87EEDCB72A18E41900BD3F8F /* GameListViewModel.swift */,
				87EEDCC12A18E7F500BD3F8F /* View */,
				87EEDCCC2A197E6600BD3F8F /* Service */,
			);
			path = GameList;
			sourceTree = "<group>";
		};
		87EEDCC12A18E7F500BD3F8F /* View */ = {
			isa = PBXGroup;
			children = (
				87EEDC922A18C7D300BD3F8F /* GameListViewController.swift */,
			);
			path = View;
			sourceTree = "<group>";
		};
		87EEDCC22A18E81600BD3F8F /* Favorites */ = {
			isa = PBXGroup;
			children = (
				87EEDCB92A18E43300BD3F8F /* FavoritesViewModel.swift */,
				87EEDCC82A1940A900BD3F8F /* View */,
				87EEDCCD2A197E6E00BD3F8F /* Service */,
			);
			path = Favorites;
			sourceTree = "<group>";
		};
		87EEDCC72A19256C00BD3F8F /* Utilities */ = {
			isa = PBXGroup;
			children = (
				87EEDCC32A19251700BD3F8F /* Extensions.swift */,
				87EEDCC52A19254400BD3F8F /* ImageCache.swift */,
			);
			path = Utilities;
			sourceTree = "<group>";
		};
		87EEDCC82A1940A900BD3F8F /* View */ = {
			isa = PBXGroup;
			children = (
				87EEDC942A18C81E00BD3F8F /* FavoritesViewController.swift */,
			);
			path = View;
			sourceTree = "<group>";
		};
		87EEDCC92A1940D900BD3F8F /* CommonView */ = {
			isa = PBXGroup;
			children = (
				87EEDCBC2A18E77100BD3F8F /* GameCell.swift */,
			);
			path = CommonView;
			sourceTree = "<group>";
		};
		87EEDCCC2A197E6600BD3F8F /* Service */ = {
			isa = PBXGroup;
			children = (
				87EEDCA92A18D91B00BD3F8F /* GameService.swift */,
			);
			path = Service;
			sourceTree = "<group>";
		};
		87EEDCCD2A197E6E00BD3F8F /* Service */ = {
			isa = PBXGroup;
			children = (
				87EEDCAB2A18D97900BD3F8F /* FavoritesService.swift */,
			);
			path = Service;
			sourceTree = "<group>";
		};
		87EEDCD22A198A8800BD3F8F /* Details */ = {
			isa = PBXGroup;
			children = (
				87EEDCD02A198A8100BD3F8F /* DetailsViewModel.swift */,
				87EEDCD42A198AE800BD3F8F /* View */,
				87EEDCD72A198B0D00BD3F8F /* Service */,
			);
			path = Details;
			sourceTree = "<group>";
		};
		87EEDCD32A198AB300BD3F8F /* Bussiness */ = {
			isa = PBXGroup;
			children = (
				87EEDC582A18B1D400BD3F8F /* MainTabBarViewController.swift */,
				87EEDCD22A198A8800BD3F8F /* Details */,
				87EEDCC02A18E7DD00BD3F8F /* GameList */,
				87EEDCC22A18E81600BD3F8F /* Favorites */,
			);
			path = Bussiness;
			sourceTree = "<group>";
		};
		87EEDCD42A198AE800BD3F8F /* View */ = {
			isa = PBXGroup;
			children = (
				87EEDCCE2A198A5800BD3F8F /* DetailsViewController.swift */,
				873F35282A1A96C90045CB88 /* DescriptionCell.swift */,
				873F352A2A1AA1D90045CB88 /* ExternalUrlCell.swift */,
			);
			path = View;
			sourceTree = "<group>";
		};
		87EEDCD72A198B0D00BD3F8F /* Service */ = {
			isa = PBXGroup;
			children = (
				87EEDCD52A198B0900BD3F8F /* DetailsService.swift */,
			);
			path = Service;
			sourceTree = "<group>";
		};
/* End PBXGroup section */

/* Begin PBXNativeTarget section */
		87EEDC502A18B1D400BD3F8F /* DCAFood */ = {
			isa = PBXNativeTarget;
			buildConfigurationList = 87EEDC7B2A18B1D600BD3F8F /* Build configuration list for PBXNativeTarget "DCAFood" */;
			buildPhases = (
				87EEDC4D2A18B1D400BD3F8F /* Sources */,
				87EEDC4E2A18B1D400BD3F8F /* Frameworks */,
				87EEDC4F2A18B1D400BD3F8F /* Resources */,
			);
			buildRules = (
			);
			dependencies = (
			);
			name = DCAFood;
			productName = DCAFood;
			productReference = 87EEDC512A18B1D400BD3F8F /* DCAFood.app */;
			productType = "com.apple.product-type.application";
		};
		87EEDC662A18B1D600BD3F8F /* DCAFoodTests */ = {
			isa = PBXNativeTarget;
			buildConfigurationList = 87EEDC7E2A18B1D600BD3F8F /* Build configuration list for PBXNativeTarget "DCAFoodTests" */;
			buildPhases = (
				87EEDC632A18B1D600BD3F8F /* Sources */,
				87EEDC642A18B1D600BD3F8F /* Frameworks */,
				87EEDC652A18B1D600BD3F8F /* Resources */,
			);
			buildRules = (
			);
			dependencies = (
				87EEDC692A18B1D600BD3F8F /* PBXTargetDependency */,
			);
			name = DCAFoodTests;
			productName = DCAFoodTests;
			productReference = 87EEDC672A18B1D600BD3F8F /* DCAFoodTests.xctest */;
			productType = "com.apple.product-type.bundle.unit-test";
		};
		87EEDC702A18B1D600BD3F8F /* DCAFoodUITests */ = {
			isa = PBXNativeTarget;
			buildConfigurationList = 87EEDC812A18B1D600BD3F8F /* Build configuration list for PBXNativeTarget "DCAFoodUITests" */;
			buildPhases = (
				87EEDC6D2A18B1D600BD3F8F /* Sources */,
				87EEDC6E2A18B1D600BD3F8F /* Frameworks */,
				87EEDC6F2A18B1D600BD3F8F /* Resources */,
			);
			buildRules = (
			);
			dependencies = (
				87EEDC732A18B1D600BD3F8F /* PBXTargetDependency */,
			);
			name = DCAFoodUITests;
			productName = DCAFoodUITests;
			productReference = 87EEDC712A18B1D600BD3F8F /* DCAFoodUITests.xctest */;
			productType = "com.apple.product-type.bundle.ui-testing";
		};
/* End PBXNativeTarget section */

/* Begin PBXProject section */
		87EEDC492A18B1D400BD3F8F /* Project object */ = {
			isa = PBXProject;
			attributes = {
				BuildIndependentTargetsInParallel = 1;
				LastSwiftUpdateCheck = 1410;
				LastUpgradeCheck = 1410;
				TargetAttributes = {
					87EEDC502A18B1D400BD3F8F = {
						CreatedOnToolsVersion = 14.1;
					};
					87EEDC662A18B1D600BD3F8F = {
						CreatedOnToolsVersion = 14.1;
						TestTargetID = 87EEDC502A18B1D400BD3F8F;
					};
					87EEDC702A18B1D600BD3F8F = {
						CreatedOnToolsVersion = 14.1;
						TestTargetID = 87EEDC502A18B1D400BD3F8F;
					};
				};
			};
			buildConfigurationList = 87EEDC4C2A18B1D400BD3F8F /* Build configuration list for PBXProject "DCAFood" */;
			compatibilityVersion = "Xcode 14.0";
			developmentRegion = en;
			hasScannedForEncodings = 0;
			knownRegions = (
				en,
				Base,
			);
			mainGroup = 87EEDC482A18B1D400BD3F8F;
			productRefGroup = 87EEDC522A18B1D400BD3F8F /* Products */;
			projectDirPath = "";
			projectRoot = "";
			targets = (
				87EEDC502A18B1D400BD3F8F /* DCAFood */,
				87EEDC662A18B1D600BD3F8F /* DCAFoodTests */,
				87EEDC702A18B1D600BD3F8F /* DCAFoodUITests */,
			);
		};
/* End PBXProject section */

/* Begin PBXResourcesBuildPhase section */
		87EEDC4F2A18B1D400BD3F8F /* Resources */ = {
			isa = PBXResourcesBuildPhase;
			buildActionMask = 2147483647;
			files = (
				87EEDC612A18B1D500BD3F8F /* LaunchScreen.storyboard in Resources */,
				87EEDC852A18BD0000BD3F8F /* Configurations.plist in Resources */,
				87EEDC5E2A18B1D500BD3F8F /* Assets.xcassets in Resources */,
			);
			runOnlyForDeploymentPostprocessing = 0;
		};
		87EEDC652A18B1D600BD3F8F /* Resources */ = {
			isa = PBXResourcesBuildPhase;
			buildActionMask = 2147483647;
			files = (
			);
			runOnlyForDeploymentPostprocessing = 0;
		};
		87EEDC6F2A18B1D600BD3F8F /* Resources */ = {
			isa = PBXResourcesBuildPhase;
			buildActionMask = 2147483647;
			files = (
			);
			runOnlyForDeploymentPostprocessing = 0;
		};
/* End PBXResourcesBuildPhase section */

/* Begin PBXSourcesBuildPhase section */
		87EEDC4D2A18B1D400BD3F8F /* Sources */ = {
			isa = PBXSourcesBuildPhase;
			buildActionMask = 2147483647;
			files = (
				87EEDCD62A198B0900BD3F8F /* DetailsService.swift in Sources */,
				87EEDCAA2A18D91B00BD3F8F /* GameService.swift in Sources */,
				87EEDCCF2A198A5800BD3F8F /* DetailsViewController.swift in Sources */,
				87EEDCB42A18E34100BD3F8F /* Observer.swift in Sources */,
				87EEDC592A18B1D400BD3F8F /* MainTabBarViewController.swift in Sources */,
				87EEDC552A18B1D400BD3F8F /* AppDelegate.swift in Sources */,
				87EEDCB82A18E41900BD3F8F /* GameListViewModel.swift in Sources */,
				87EEDC8E2A18C52B00BD3F8F /* Game.swift in Sources */,
				873F352B2A1AA1D90045CB88 /* ExternalUrlCell.swift in Sources */,
				87EEDCD12A198A8100BD3F8F /* DetailsViewModel.swift in Sources */,
				87EEDCB12A18E00300BD3F8F /* GameDetails.swift in Sources */,
				87EEDCC42A19251700BD3F8F /* Extensions.swift in Sources */,
				87EEDCBA2A18E43300BD3F8F /* FavoritesViewModel.swift in Sources */,
				87EEDC872A18BD8E00BD3F8F /* Configurations.swift in Sources */,
				87EEDCC62A19254400BD3F8F /* ImageCache.swift in Sources */,
				87EEDC932A18C7D300BD3F8F /* GameListViewController.swift in Sources */,
				87EEDC892A18BE0800BD3F8F /* RawgAPI.swift in Sources */,
				87EEDCBD2A18E77100BD3F8F /* GameCell.swift in Sources */,
				87EEDC972A18CACB00BD3F8F /* Coordinator.swift in Sources */,
				87EEDC8C2A18C4B000BD3F8F /* GameListResponse.swift in Sources */,
				87EEDCAC2A18D97900BD3F8F /* FavoritesService.swift in Sources */,
				873F35292A1A96C90045CB88 /* DescriptionCell.swift in Sources */,
				87EEDC952A18C81E00BD3F8F /* FavoritesViewController.swift in Sources */,
				87EEDCAE2A18DD6000BD3F8F /* NetworkService.swift in Sources */,
				87EEDC902A18C66000BD3F8F /* Genre.swift in Sources */,
			);
			runOnlyForDeploymentPostprocessing = 0;
		};
		87EEDC632A18B1D600BD3F8F /* Sources */ = {
			isa = PBXSourcesBuildPhase;
			buildActionMask = 2147483647;
			files = (
				87EA39682A1B58DF0036D353 /* DetailsViewModelTests.swift in Sources */,
				87EA39662A1B58150036D353 /* FavoritesViewModelTests.swift in Sources */,
				87EA39642A1B56D50036D353 /* GameListViewModelTests.swift in Sources */,
			);
			runOnlyForDeploymentPostprocessing = 0;
		};
		87EEDC6D2A18B1D600BD3F8F /* Sources */ = {
			isa = PBXSourcesBuildPhase;
			buildActionMask = 2147483647;
			files = (
				87EEDC762A18B1D600BD3F8F /* DCAFoodUITests.swift in Sources */,
				87EEDC782A18B1D600BD3F8F /* DCAFoodUITestsLaunchTests.swift in Sources */,
			);
			runOnlyForDeploymentPostprocessing = 0;
		};
/* End PBXSourcesBuildPhase section */

/* Begin PBXTargetDependency section */
		87EEDC692A18B1D600BD3F8F /* PBXTargetDependency */ = {
			isa = PBXTargetDependency;
			target = 87EEDC502A18B1D400BD3F8F /* DCAFood */;
			targetProxy = 87EEDC682A18B1D600BD3F8F /* PBXContainerItemProxy */;
		};
		87EEDC732A18B1D600BD3F8F /* PBXTargetDependency */ = {
			isa = PBXTargetDependency;
			target = 87EEDC502A18B1D400BD3F8F /* DCAFood */;
			targetProxy = 87EEDC722A18B1D600BD3F8F /* PBXContainerItemProxy */;
		};
/* End PBXTargetDependency section */

/* Begin PBXVariantGroup section */
		87EEDC5F2A18B1D500BD3F8F /* LaunchScreen.storyboard */ = {
			isa = PBXVariantGroup;
			children = (
				87EEDC602A18B1D500BD3F8F /* Base */,
			);
			name = LaunchScreen.storyboard;
			sourceTree = "<group>";
		};
/* End PBXVariantGroup section */

/* Begin XCBuildConfiguration section */
		87EEDC792A18B1D600BD3F8F /* Debug */ = {
			isa = XCBuildConfiguration;
			buildSettings = {
				ALWAYS_SEARCH_USER_PATHS = NO;
				CLANG_ANALYZER_NONNULL = YES;
				CLANG_ANALYZER_NUMBER_OBJECT_CONVERSION = YES_AGGRESSIVE;
				CLANG_CXX_LANGUAGE_STANDARD = "gnu++20";
				CLANG_ENABLE_MODULES = YES;
				CLANG_ENABLE_OBJC_ARC = YES;
				CLANG_ENABLE_OBJC_WEAK = YES;
				CLANG_WARN_BLOCK_CAPTURE_AUTORELEASING = YES;
				CLANG_WARN_BOOL_CONVERSION = YES;
				CLANG_WARN_COMMA = YES;
				CLANG_WARN_CONSTANT_CONVERSION = YES;
				CLANG_WARN_DEPRECATED_OBJC_IMPLEMENTATIONS = YES;
				CLANG_WARN_DIRECT_OBJC_ISA_USAGE = YES_ERROR;
				CLANG_WARN_DOCUMENTATION_COMMENTS = YES;
				CLANG_WARN_EMPTY_BODY = YES;
				CLANG_WARN_ENUM_CONVERSION = YES;
				CLANG_WARN_INFINITE_RECURSION = YES;
				CLANG_WARN_INT_CONVERSION = YES;
				CLANG_WARN_NON_LITERAL_NULL_CONVERSION = YES;
				CLANG_WARN_OBJC_IMPLICIT_RETAIN_SELF = YES;
				CLANG_WARN_OBJC_LITERAL_CONVERSION = YES;
				CLANG_WARN_OBJC_ROOT_CLASS = YES_ERROR;
				CLANG_WARN_QUOTED_INCLUDE_IN_FRAMEWORK_HEADER = YES;
				CLANG_WARN_RANGE_LOOP_ANALYSIS = YES;
				CLANG_WARN_STRICT_PROTOTYPES = YES;
				CLANG_WARN_SUSPICIOUS_MOVE = YES;
				CLANG_WARN_UNGUARDED_AVAILABILITY = YES_AGGRESSIVE;
				CLANG_WARN_UNREACHABLE_CODE = YES;
				CLANG_WARN__DUPLICATE_METHOD_MATCH = YES;
				COPY_PHASE_STRIP = NO;
				DEBUG_INFORMATION_FORMAT = dwarf;
				ENABLE_STRICT_OBJC_MSGSEND = YES;
				ENABLE_TESTABILITY = YES;
				GCC_C_LANGUAGE_STANDARD = gnu11;
				GCC_DYNAMIC_NO_PIC = NO;
				GCC_NO_COMMON_BLOCKS = YES;
				GCC_OPTIMIZATION_LEVEL = 0;
				GCC_PREPROCESSOR_DEFINITIONS = (
					"DEBUG=1",
					"$(inherited)",
				);
				GCC_WARN_64_TO_32_BIT_CONVERSION = YES;
				GCC_WARN_ABOUT_RETURN_TYPE = YES_ERROR;
				GCC_WARN_UNDECLARED_SELECTOR = YES;
				GCC_WARN_UNINITIALIZED_AUTOS = YES_AGGRESSIVE;
				GCC_WARN_UNUSED_FUNCTION = YES;
				GCC_WARN_UNUSED_VARIABLE = YES;
				IPHONEOS_DEPLOYMENT_TARGET = 11.0;
				MTL_ENABLE_DEBUG_INFO = INCLUDE_SOURCE;
				MTL_FAST_MATH = YES;
				ONLY_ACTIVE_ARCH = YES;
				OTHER_SWIFT_FLAGS = "-DDEVELOPMENT";
				SDKROOT = iphoneos;
				SWIFT_ACTIVE_COMPILATION_CONDITIONS = DEBUG;
				SWIFT_OPTIMIZATION_LEVEL = "-Onone";
			};
			name = Debug;
		};
		87EEDC7A2A18B1D600BD3F8F /* Release */ = {
			isa = XCBuildConfiguration;
			buildSettings = {
				ALWAYS_SEARCH_USER_PATHS = NO;
				CLANG_ANALYZER_NONNULL = YES;
				CLANG_ANALYZER_NUMBER_OBJECT_CONVERSION = YES_AGGRESSIVE;
				CLANG_CXX_LANGUAGE_STANDARD = "gnu++20";
				CLANG_ENABLE_MODULES = YES;
				CLANG_ENABLE_OBJC_ARC = YES;
				CLANG_ENABLE_OBJC_WEAK = YES;
				CLANG_WARN_BLOCK_CAPTURE_AUTORELEASING = YES;
				CLANG_WARN_BOOL_CONVERSION = YES;
				CLANG_WARN_COMMA = YES;
				CLANG_WARN_CONSTANT_CONVERSION = YES;
				CLANG_WARN_DEPRECATED_OBJC_IMPLEMENTATIONS = YES;
				CLANG_WARN_DIRECT_OBJC_ISA_USAGE = YES_ERROR;
				CLANG_WARN_DOCUMENTATION_COMMENTS = YES;
				CLANG_WARN_EMPTY_BODY = YES;
				CLANG_WARN_ENUM_CONVERSION = YES;
				CLANG_WARN_INFINITE_RECURSION = YES;
				CLANG_WARN_INT_CONVERSION = YES;
				CLANG_WARN_NON_LITERAL_NULL_CONVERSION = YES;
				CLANG_WARN_OBJC_IMPLICIT_RETAIN_SELF = YES;
				CLANG_WARN_OBJC_LITERAL_CONVERSION = YES;
				CLANG_WARN_OBJC_ROOT_CLASS = YES_ERROR;
				CLANG_WARN_QUOTED_INCLUDE_IN_FRAMEWORK_HEADER = YES;
				CLANG_WARN_RANGE_LOOP_ANALYSIS = YES;
				CLANG_WARN_STRICT_PROTOTYPES = YES;
				CLANG_WARN_SUSPICIOUS_MOVE = YES;
				CLANG_WARN_UNGUARDED_AVAILABILITY = YES_AGGRESSIVE;
				CLANG_WARN_UNREACHABLE_CODE = YES;
				CLANG_WARN__DUPLICATE_METHOD_MATCH = YES;
				COPY_PHASE_STRIP = NO;
				DEBUG_INFORMATION_FORMAT = "dwarf-with-dsym";
				ENABLE_NS_ASSERTIONS = NO;
				ENABLE_STRICT_OBJC_MSGSEND = YES;
				GCC_C_LANGUAGE_STANDARD = gnu11;
				GCC_NO_COMMON_BLOCKS = YES;
				GCC_WARN_64_TO_32_BIT_CONVERSION = YES;
				GCC_WARN_ABOUT_RETURN_TYPE = YES_ERROR;
				GCC_WARN_UNDECLARED_SELECTOR = YES;
				GCC_WARN_UNINITIALIZED_AUTOS = YES_AGGRESSIVE;
				GCC_WARN_UNUSED_FUNCTION = YES;
				GCC_WARN_UNUSED_VARIABLE = YES;
				IPHONEOS_DEPLOYMENT_TARGET = 11.0;
				MTL_ENABLE_DEBUG_INFO = NO;
				MTL_FAST_MATH = YES;
				OTHER_SWIFT_FLAGS = "-DPRODUCTION";
				SDKROOT = iphoneos;
				SWIFT_COMPILATION_MODE = wholemodule;
				SWIFT_OPTIMIZATION_LEVEL = "-O";
				VALIDATE_PRODUCT = YES;
			};
			name = Release;
		};
		87EEDC7C2A18B1D600BD3F8F /* Debug */ = {
			isa = XCBuildConfiguration;
			buildSettings = {
				ASSETCATALOG_COMPILER_APPICON_NAME = AppIcon;
				ASSETCATALOG_COMPILER_GLOBAL_ACCENT_COLOR_NAME = AccentColor;
				CODE_SIGN_STYLE = Automatic;
				CURRENT_PROJECT_VERSION = 1;
				DEVELOPMENT_TEAM = N6TM2U26KT;
				GENERATE_INFOPLIST_FILE = YES;
				INFOPLIST_FILE = DCAFood/Info.plist;
				INFOPLIST_KEY_UIApplicationSupportsIndirectInputEvents = YES;
				INFOPLIST_KEY_UILaunchStoryboardName = LaunchScreen;
				INFOPLIST_KEY_UIMainStoryboardFile = "";
				INFOPLIST_KEY_UISupportedInterfaceOrientations_iPad = "UIInterfaceOrientationPortrait UIInterfaceOrientationPortraitUpsideDown UIInterfaceOrientationLandscapeLeft UIInterfaceOrientationLandscapeRight";
				INFOPLIST_KEY_UISupportedInterfaceOrientations_iPhone = "UIInterfaceOrientationPortrait UIInterfaceOrientationLandscapeLeft UIInterfaceOrientationLandscapeRight";
				IPHONEOS_DEPLOYMENT_TARGET = 11.0;
				LD_RUNPATH_SEARCH_PATHS = (
					"$(inherited)",
					"@executable_path/Frameworks",
				);
				MARKETING_VERSION = 1.0;
				PRODUCT_BUNDLE_IDENTIFIER = demoApp1.DCAFood;
				PRODUCT_NAME = "$(TARGET_NAME)";
				SWIFT_EMIT_LOC_STRINGS = YES;
				SWIFT_VERSION = 5.0;
				TARGETED_DEVICE_FAMILY = "1,2";
			};
			name = Debug;
		};
		87EEDC7D2A18B1D600BD3F8F /* Release */ = {
			isa = XCBuildConfiguration;
			buildSettings = {
				ASSETCATALOG_COMPILER_APPICON_NAME = AppIcon;
				ASSETCATALOG_COMPILER_GLOBAL_ACCENT_COLOR_NAME = AccentColor;
				CODE_SIGN_STYLE = Automatic;
				CURRENT_PROJECT_VERSION = 1;
				DEVELOPMENT_TEAM = N6TM2U26KT;
				GENERATE_INFOPLIST_FILE = YES;
				INFOPLIST_FILE = DCAFood/Info.plist;
				INFOPLIST_KEY_UIApplicationSupportsIndirectInputEvents = YES;
				INFOPLIST_KEY_UILaunchStoryboardName = LaunchScreen;
				INFOPLIST_KEY_UIMainStoryboardFile = "";
				INFOPLIST_KEY_UISupportedInterfaceOrientations_iPad = "UIInterfaceOrientationPortrait UIInterfaceOrientationPortraitUpsideDown UIInterfaceOrientationLandscapeLeft UIInterfaceOrientationLandscapeRight";
				INFOPLIST_KEY_UISupportedInterfaceOrientations_iPhone = "UIInterfaceOrientationPortrait UIInterfaceOrientationLandscapeLeft UIInterfaceOrientationLandscapeRight";
				IPHONEOS_DEPLOYMENT_TARGET = 11.0;
				LD_RUNPATH_SEARCH_PATHS = (
					"$(inherited)",
					"@executable_path/Frameworks",
				);
				MARKETING_VERSION = 1.0;
				PRODUCT_BUNDLE_IDENTIFIER = demoApp1.DCAFood;
				PRODUCT_NAME = "$(TARGET_NAME)";
				SWIFT_EMIT_LOC_STRINGS = YES;
				SWIFT_VERSION = 5.0;
				TARGETED_DEVICE_FAMILY = "1,2";
			};
			name = Release;
		};
		87EEDC7F2A18B1D600BD3F8F /* Debug */ = {
			isa = XCBuildConfiguration;
			buildSettings = {
				ALWAYS_EMBED_SWIFT_STANDARD_LIBRARIES = YES;
				BUNDLE_LOADER = "$(TEST_HOST)";
				CODE_SIGN_STYLE = Automatic;
				CURRENT_PROJECT_VERSION = 1;
				DEVELOPMENT_TEAM = N6TM2U26KT;
				GENERATE_INFOPLIST_FILE = YES;
				IPHONEOS_DEPLOYMENT_TARGET = 16.1;
				MARKETING_VERSION = 1.0;
				PRODUCT_BUNDLE_IDENTIFIER = demoApp1.DCAFoodTests;
				PRODUCT_NAME = "$(TARGET_NAME)";
				SWIFT_EMIT_LOC_STRINGS = NO;
				SWIFT_VERSION = 5.0;
				TARGETED_DEVICE_FAMILY = "1,2";
				TEST_HOST = "$(BUILT_PRODUCTS_DIR)/DCAFood.app/$(BUNDLE_EXECUTABLE_FOLDER_PATH)/DCAFood";
			};
			name = Debug;
		};
		87EEDC802A18B1D600BD3F8F /* Release */ = {
			isa = XCBuildConfiguration;
			buildSettings = {
				ALWAYS_EMBED_SWIFT_STANDARD_LIBRARIES = YES;
				BUNDLE_LOADER = "$(TEST_HOST)";
				CODE_SIGN_STYLE = Automatic;
				CURRENT_PROJECT_VERSION = 1;
				DEVELOPMENT_TEAM = N6TM2U26KT;
				GENERATE_INFOPLIST_FILE = YES;
				IPHONEOS_DEPLOYMENT_TARGET = 16.1;
				MARKETING_VERSION = 1.0;
				PRODUCT_BUNDLE_IDENTIFIER = demoApp1.DCAFoodTests;
				PRODUCT_NAME = "$(TARGET_NAME)";
				SWIFT_EMIT_LOC_STRINGS = NO;
				SWIFT_VERSION = 5.0;
				TARGETED_DEVICE_FAMILY = "1,2";
				TEST_HOST = "$(BUILT_PRODUCTS_DIR)/DCAFood.app/$(BUNDLE_EXECUTABLE_FOLDER_PATH)/DCAFood";
			};
			name = Release;
		};
		87EEDC822A18B1D600BD3F8F /* Debug */ = {
			isa = XCBuildConfiguration;
			buildSettings = {
				ALWAYS_EMBED_SWIFT_STANDARD_LIBRARIES = YES;
				CODE_SIGN_STYLE = Automatic;
				CURRENT_PROJECT_VERSION = 1;
				DEVELOPMENT_TEAM = N6TM2U26KT;
				GENERATE_INFOPLIST_FILE = YES;
				MARKETING_VERSION = 1.0;
				PRODUCT_BUNDLE_IDENTIFIER = demoApp1.DCAFoodUITests;
				PRODUCT_NAME = "$(TARGET_NAME)";
				SWIFT_EMIT_LOC_STRINGS = NO;
				SWIFT_VERSION = 5.0;
				TARGETED_DEVICE_FAMILY = "1,2";
				TEST_TARGET_NAME = DCAFood;
			};
			name = Debug;
		};
		87EEDC832A18B1D600BD3F8F /* Release */ = {
			isa = XCBuildConfiguration;
			buildSettings = {
				ALWAYS_EMBED_SWIFT_STANDARD_LIBRARIES = YES;
				CODE_SIGN_STYLE = Automatic;
				CURRENT_PROJECT_VERSION = 1;
				DEVELOPMENT_TEAM = N6TM2U26KT;
				GENERATE_INFOPLIST_FILE = YES;
				MARKETING_VERSION = 1.0;
				PRODUCT_BUNDLE_IDENTIFIER = demoApp1.DCAFoodUITests;
				PRODUCT_NAME = "$(TARGET_NAME)";
				SWIFT_EMIT_LOC_STRINGS = NO;
				SWIFT_VERSION = 5.0;
				TARGETED_DEVICE_FAMILY = "1,2";
				TEST_TARGET_NAME = DCAFood;
			};
			name = Release;
		};
/* End XCBuildConfiguration section */

/* Begin XCConfigurationList section */
		87EEDC4C2A18B1D400BD3F8F /* Build configuration list for PBXProject "DCAFood" */ = {
			isa = XCConfigurationList;
			buildConfigurations = (
				87EEDC792A18B1D600BD3F8F /* Debug */,
				87EEDC7A2A18B1D600BD3F8F /* Release */,
			);
			defaultConfigurationIsVisible = 0;
			defaultConfigurationName = Release;
		};
		87EEDC7B2A18B1D600BD3F8F /* Build configuration list for PBXNativeTarget "DCAFood" */ = {
			isa = XCConfigurationList;
			buildConfigurations = (
				87EEDC7C2A18B1D600BD3F8F /* Debug */,
				87EEDC7D2A18B1D600BD3F8F /* Release */,
			);
			defaultConfigurationIsVisible = 0;
			defaultConfigurationName = Release;
		};
		87EEDC7E2A18B1D600BD3F8F /* Build configuration list for PBXNativeTarget "DCAFoodTests" */ = {
			isa = XCConfigurationList;
			buildConfigurations = (
				87EEDC7F2A18B1D600BD3F8F /* Debug */,
				87EEDC802A18B1D600BD3F8F /* Release */,
			);
			defaultConfigurationIsVisible = 0;
			defaultConfigurationName = Release;
		};
		87EEDC812A18B1D600BD3F8F /* Build configuration list for PBXNativeTarget "DCAFoodUITests" */ = {
			isa = XCConfigurationList;
			buildConfigurations = (
				87EEDC822A18B1D600BD3F8F /* Debug */,
				87EEDC832A18B1D600BD3F8F /* Release */,
			);
			defaultConfigurationIsVisible = 0;
			defaultConfigurationName = Release;
		};
/* End XCConfigurationList section */
	};
	rootObject = 87EEDC492A18B1D400BD3F8F /* Project object */;
}
